
Microsoft Visual Studio Solution File, Format Version 12.00
# Visual Studio Version 17
VisualStudioVersion = 17.4.33103.184
MinimumVisualStudioVersion = 10.0.40219.1
Project("{9A19103F-16F7-4668-BE54-9A1E7A4F7556}") = "API", "src\API\API.csproj", "{2EF816CC-FCF0-4A7B-B915-257129716056}"
EndProject
Project("{2150E333-8FDC-42A3-9474-1A3956D46DE8}") = "src", "src", "{D677FB06-C767-4C88-95C7-ABE545C514C0}"
EndProject
Project("{2150E333-8FDC-42A3-9474-1A3956D46DE8}") = "Solution Items", "Solution Items", "{92FB9FA2-81C1-4409-9D04-11EDF8622BB8}"
	ProjectSection(SolutionItems) = preProject
		.editorconfig = .editorconfig
	EndProjectSection
EndProject
Project("{FAE04EC0-301F-11D3-BF4B-00C04F79EFBC}") = "Web", "src\Web\Web.csproj", "{0E9872CE-114C-4EED-AFED-550D6E7BFF6B}"
EndProject
Project("{FAE04EC0-301F-11D3-BF4B-00C04F79EFBC}") = "SharedKernel", "src\SharedKernel\SharedKernel.csproj", "{0DDEA5A4-D5B0-4148-A9EB-446BEF460768}"
EndProject
Global
	GlobalSection(SolutionConfigurationPlatforms) = preSolution
		Debug|Any CPU = Debug|Any CPU
		Release|Any CPU = Release|Any CPU
	EndGlobalSection
	GlobalSection(ProjectConfigurationPlatforms) = postSolution
		{2EF816CC-FCF0-4A7B-B915-257129716056}.Debug|Any CPU.ActiveCfg = Debug|Any CPU
		{2EF816CC-FCF0-4A7B-B915-257129716056}.Debug|Any CPU.Build.0 = Debug|Any CPU
		{2EF816CC-FCF0-4A7B-B915-257129716056}.Release|Any CPU.ActiveCfg = Release|Any CPU
		{2EF816CC-FCF0-4A7B-B915-257129716056}.Release|Any CPU.Build.0 = Release|Any CPU
		{0E9872CE-114C-4EED-AFED-550D6E7BFF6B}.Debug|Any CPU.ActiveCfg = Debug|Any CPU
		{0E9872CE-114C-4EED-AFED-550D6E7BFF6B}.Debug|Any CPU.Build.0 = Debug|Any CPU
		{0E9872CE-114C-4EED-AFED-550D6E7BFF6B}.Release|Any CPU.ActiveCfg = Release|Any CPU
		{0E9872CE-114C-4EED-AFED-550D6E7BFF6B}.Release|Any CPU.Build.0 = Release|Any CPU
		{0DDEA5A4-D5B0-4148-A9EB-446BEF460768}.Debug|Any CPU.ActiveCfg = Debug|Any CPU
		{0DDEA5A4-D5B0-4148-A9EB-446BEF460768}.Debug|Any CPU.Build.0 = Debug|Any CPU
		{0DDEA5A4-D5B0-4148-A9EB-446BEF460768}.Release|Any CPU.ActiveCfg = Release|Any CPU
		{0DDEA5A4-D5B0-4148-A9EB-446BEF460768}.Release|Any CPU.Build.0 = Release|Any CPU
	EndGlobalSection
	GlobalSection(SolutionProperties) = preSolution
		HideSolutionNode = FALSE
	EndGlobalSection
	GlobalSection(NestedProjects) = preSolution
		{2EF816CC-FCF0-4A7B-B915-257129716056} = {D677FB06-C767-4C88-95C7-ABE545C514C0}
		{0E9872CE-114C-4EED-AFED-550D6E7BFF6B} = {D677FB06-C767-4C88-95C7-ABE545C514C0}
		{0DDEA5A4-D5B0-4148-A9EB-446BEF460768} = {D677FB06-C767-4C88-95C7-ABE545C514C0}
	EndGlobalSection
	GlobalSection(ExtensibilityGlobals) = postSolution
		SolutionGuid = {79DB1FA2-45B2-436C-8099-2735ECAA64CC}
	EndGlobalSection
EndGlobal
